
Microsoft Visual Studio Solution File, Format Version 12.00
# Visual Studio 2012
Project("{FAE04EC0-301F-11D3-BF4B-00C04F79EFBC}") = "NeuralNets", "NeuralNets\NeuralNets.csproj", "{805C6FE3-0E68-4386-89F0-3906409E435C}"
EndProject
Global
	GlobalSection(SolutionConfigurationPlatforms) = preSolution
		Debug|Any CPU = Debug|Any CPU
		Release|Any CPU = Release|Any CPU
	EndGlobalSection
	GlobalSection(ProjectConfigurationPlatforms) = postSolution
		{805C6FE3-0E68-4386-89F0-3906409E435C}.Debug|Any CPU.ActiveCfg = Debug|Any CPU
		{805C6FE3-0E68-4386-89F0-3906409E435C}.Debug|Any CPU.Build.0 = Debug|Any CPU
		{805C6FE3-0E68-4386-89F0-3906409E435C}.Release|Any CPU.ActiveCfg = Release|Any CPU
		{805C6FE3-0E68-4386-89F0-3906409E435C}.Release|Any CPU.Build.0 = Release|Any CPU
	EndGlobalSection
	GlobalSection(SolutionProperties) = preSolution
		HideSolutionNode = FALSE
	EndGlobalSection
EndGlobal
